
Microsoft Visual Studio Solution File, Format Version 12.00
# Visual Studio 14
VisualStudioVersion = 14.0.25123.0
MinimumVisualStudioVersion = 10.0.40219.1
Project("{FAE04EC0-301F-11D3-BF4B-00C04F79EFBC}") = "IntelligentSystemsLabs", "IntelligentSystemsLabs\IntelligentSystemsLabs.csproj", "{E57F2AA2-AC31-4944-83E6-EE50746D7475}"
EndProject
Project("{FAE04EC0-301F-11D3-BF4B-00C04F79EFBC}") = "IntelligentSystemsLabs.Tests", "IntelligentSystemsLabs.Tests\IntelligentSystemsLabs.Tests.csproj", "{83209623-6C79-4B59-827C-B5E159F7599C}"
EndProject
Global
	GlobalSection(SolutionConfigurationPlatforms) = preSolution
		Debug|Any CPU = Debug|Any CPU
		Release|Any CPU = Release|Any CPU
	EndGlobalSection
	GlobalSection(ProjectConfigurationPlatforms) = postSolution
		{E57F2AA2-AC31-4944-83E6-EE50746D7475}.Debug|Any CPU.ActiveCfg = Debug|Any CPU
		{E57F2AA2-AC31-4944-83E6-EE50746D7475}.Debug|Any CPU.Build.0 = Debug|Any CPU
		{E57F2AA2-AC31-4944-83E6-EE50746D7475}.Release|Any CPU.ActiveCfg = Release|Any CPU
		{E57F2AA2-AC31-4944-83E6-EE50746D7475}.Release|Any CPU.Build.0 = Release|Any CPU
		{83209623-6C79-4B59-827C-B5E159F7599C}.Debug|Any CPU.ActiveCfg = Debug|Any CPU
		{83209623-6C79-4B59-827C-B5E159F7599C}.Debug|Any CPU.Build.0 = Debug|Any CPU
		{83209623-6C79-4B59-827C-B5E159F7599C}.Release|Any CPU.ActiveCfg = Release|Any CPU
		{83209623-6C79-4B59-827C-B5E159F7599C}.Release|Any CPU.Build.0 = Release|Any CPU
	EndGlobalSection
	GlobalSection(SolutionProperties) = preSolution
		HideSolutionNode = FALSE
	EndGlobalSection
EndGlobal
